{
  "name": "ikigai-bridge",
  "version": "0.1.0",
  "lockfileVersion": 3,
  "requires": true,
  "packages": {
    "": {
      "name": "ikigai-bridge",
      "version": "0.1.0",
      "dependencies": {
        "@claude-sessions/manager": "file:/Users/openclaudio/claude-sessions/management"
      }
    },
    "../../../claude-sessions/management": {
      "name": "@claude-sessions/manager",
      "version": "0.1.0",
      "bin": {
        "claude-session": "dist/cli.js",
        "use-claude": "bin/use-claude"
      },
      "devDependencies": {
        "@types/node": "^22.0.0",
        "vitest": "^3.0.0"
      }
    },
    "node_modules/@claude-sessions/manager": {
      "resolved": "../../../claude-sessions/management",
      "link": true
    }
  }
}
